
Microsoft Visual Studio Solution File, Format Version 12.00
# Visual Studio Version 17
VisualStudioVersion = 17.10.35013.160
MinimumVisualStudioVersion = 10.0.40219.1
Project("{2150E333-8FDC-42A3-9474-1A3956D46DE8}") = "Services", "Services", "{EABC066C-A241-494B-83A2-F5EB3253A120}"
EndProject
Project("{2150E333-8FDC-42A3-9474-1A3956D46DE8}") = "Catalog", "Catalog", "{9830E232-1F04-48DE-9FD8-6B05EFB9EAF1}"
EndProject
Project("{9A19103F-16F7-4668-BE54-9A1E7A4F7556}") = "Catalog.API", "Catalog.API\Catalog.API.csproj", "{466AF7D7-9F8B-49CA-B463-E0513531D4DB}"
EndProject
Project("{2150E333-8FDC-42A3-9474-1A3956D46DE8}") = "BuildingBlocks", "BuildingBlocks", "{47EA3967-1DBA-437D-83A2-CF29F85B98DC}"
EndProject
Project("{9A19103F-16F7-4668-BE54-9A1E7A4F7556}") = "BuildingBlocks", "BuildingBlocks\BuildingBlocks\BuildingBlocks.csproj", "{422ACF38-7A18-4F60-85D8-87618EE17AB0}"
EndProject
Project("{E53339B2-1760-4266-BCC7-CA923CBCF16C}") = "docker-compose", "docker-compose.dcproj", "{CCAD6ACA-AA1E-449A-BBFC-248A5FCA4C0D}"
EndProject
Global
	GlobalSection(SolutionConfigurationPlatforms) = preSolution
		Debug|Any CPU = Debug|Any CPU
		Release|Any CPU = Release|Any CPU
	EndGlobalSection
	GlobalSection(ProjectConfigurationPlatforms) = postSolution
		{466AF7D7-9F8B-49CA-B463-E0513531D4DB}.Debug|Any CPU.ActiveCfg = Debug|Any CPU
		{466AF7D7-9F8B-49CA-B463-E0513531D4DB}.Debug|Any CPU.Build.0 = Debug|Any CPU
		{466AF7D7-9F8B-49CA-B463-E0513531D4DB}.Release|Any CPU.ActiveCfg = Release|Any CPU
		{466AF7D7-9F8B-49CA-B463-E0513531D4DB}.Release|Any CPU.Build.0 = Release|Any CPU
		{422ACF38-7A18-4F60-85D8-87618EE17AB0}.Debug|Any CPU.ActiveCfg = Debug|Any CPU
		{422ACF38-7A18-4F60-85D8-87618EE17AB0}.Debug|Any CPU.Build.0 = Debug|Any CPU
		{422ACF38-7A18-4F60-85D8-87618EE17AB0}.Release|Any CPU.ActiveCfg = Release|Any CPU
		{422ACF38-7A18-4F60-85D8-87618EE17AB0}.Release|Any CPU.Build.0 = Release|Any CPU
		{CCAD6ACA-AA1E-449A-BBFC-248A5FCA4C0D}.Debug|Any CPU.ActiveCfg = Debug|Any CPU
		{CCAD6ACA-AA1E-449A-BBFC-248A5FCA4C0D}.Debug|Any CPU.Build.0 = Debug|Any CPU
		{CCAD6ACA-AA1E-449A-BBFC-248A5FCA4C0D}.Release|Any CPU.ActiveCfg = Release|Any CPU
		{CCAD6ACA-AA1E-449A-BBFC-248A5FCA4C0D}.Release|Any CPU.Build.0 = Release|Any CPU
	EndGlobalSection
	GlobalSection(SolutionProperties) = preSolution
		HideSolutionNode = FALSE
	EndGlobalSection
	GlobalSection(NestedProjects) = preSolution
		{9830E232-1F04-48DE-9FD8-6B05EFB9EAF1} = {EABC066C-A241-494B-83A2-F5EB3253A120}
		{466AF7D7-9F8B-49CA-B463-E0513531D4DB} = {9830E232-1F04-48DE-9FD8-6B05EFB9EAF1}
		{422ACF38-7A18-4F60-85D8-87618EE17AB0} = {47EA3967-1DBA-437D-83A2-CF29F85B98DC}
	EndGlobalSection
	GlobalSection(ExtensibilityGlobals) = postSolution
		SolutionGuid = {26C36B41-196E-4EB3-9365-ED1A03D0B4A7}
	EndGlobalSection
EndGlobal
